
Microsoft Visual Studio Solution File, Format Version 12.00
# Visual Studio Version 17
VisualStudioVersion = 17.6.33801.468
MinimumVisualStudioVersion = 10.0.40219.1
Project("{FAE04EC0-301F-11D3-BF4B-00C04F79EFBC}") = "Hangman Backend", "Hangman Backend\Hangman Backend.csproj", "{578BEA11-19DD-4A48-A002-C3BCA74BDECD}"
EndProject
Global
	GlobalSection(SolutionConfigurationPlatforms) = preSolution
		Debug|Any CPU = Debug|Any CPU
		Release|Any CPU = Release|Any CPU
	EndGlobalSection
	GlobalSection(ProjectConfigurationPlatforms) = postSolution
		{578BEA11-19DD-4A48-A002-C3BCA74BDECD}.Debug|Any CPU.ActiveCfg = Debug|Any CPU
		{578BEA11-19DD-4A48-A002-C3BCA74BDECD}.Debug|Any CPU.Build.0 = Debug|Any CPU
		{578BEA11-19DD-4A48-A002-C3BCA74BDECD}.Release|Any CPU.ActiveCfg = Release|Any CPU
		{578BEA11-19DD-4A48-A002-C3BCA74BDECD}.Release|Any CPU.Build.0 = Release|Any CPU
	EndGlobalSection
	GlobalSection(SolutionProperties) = preSolution
		HideSolutionNode = FALSE
	EndGlobalSection
	GlobalSection(ExtensibilityGlobals) = postSolution
		SolutionGuid = {13422B0E-31A0-49B2-9A81-1F96D687A89C}
	EndGlobalSection
EndGlobal
